
Microsoft Visual Studio Solution File, Format Version 12.00
# Visual Studio Version 17
VisualStudioVersion = 17.12.35527.113
MinimumVisualStudioVersion = 10.0.40219.1
Project("{FAE04EC0-301F-11D3-BF4B-00C04F79EFBC}") = "AssignmentDay1", "ConsoleApp1\AssignmentDay1.csproj", "{B4FDF463-6B74-45CD-A8E2-6FFD628128A2}"
EndProject
Project("{FAE04EC0-301F-11D3-BF4B-00C04F79EFBC}") = "AssignmentDay2", "..\AssignmentDay2\AssignmentDay2\AssignmentDay2.csproj", "{6C3945F4-5FDE-47B1-B28C-548F1601F91D}"
EndProject
Global
	GlobalSection(SolutionConfigurationPlatforms) = preSolution
		Debug|Any CPU = Debug|Any CPU
		Release|Any CPU = Release|Any CPU
	EndGlobalSection
	GlobalSection(ProjectConfigurationPlatforms) = postSolution
		{B4FDF463-6B74-45CD-A8E2-6FFD628128A2}.Debug|Any CPU.ActiveCfg = Debug|Any CPU
		{B4FDF463-6B74-45CD-A8E2-6FFD628128A2}.Debug|Any CPU.Build.0 = Debug|Any CPU
		{B4FDF463-6B74-45CD-A8E2-6FFD628128A2}.Release|Any CPU.ActiveCfg = Release|Any CPU
		{B4FDF463-6B74-45CD-A8E2-6FFD628128A2}.Release|Any CPU.Build.0 = Release|Any CPU
		{6C3945F4-5FDE-47B1-B28C-548F1601F91D}.Debug|Any CPU.ActiveCfg = Debug|Any CPU
		{6C3945F4-5FDE-47B1-B28C-548F1601F91D}.Debug|Any CPU.Build.0 = Debug|Any CPU
		{6C3945F4-5FDE-47B1-B28C-548F1601F91D}.Release|Any CPU.ActiveCfg = Release|Any CPU
		{6C3945F4-5FDE-47B1-B28C-548F1601F91D}.Release|Any CPU.Build.0 = Release|Any CPU
	EndGlobalSection
	GlobalSection(SolutionProperties) = preSolution
		HideSolutionNode = FALSE
	EndGlobalSection
EndGlobal
